{
  "name": "merman-web-workspace",
  "version": "0.8.0-alpha.6",
  "lockfileVersion": 3,
  "requires": true,
  "packages": {
    "": {
      "name": "merman-web-workspace",
      "version": "0.8.0-alpha.6",
      "workspaces": [
        "packages/*"
      ],
      "devDependencies": {
        "typescript": "5.7.3"
      }
    },
    "node_modules/@mermanjs/web": {
      "resolved": "packages/full",
      "link": true
    },
    "node_modules/@mermanjs/web-analysis": {
      "resolved": "packages/analysis",
      "link": true
    },
    "node_modules/@mermanjs/web-ascii": {
      "resolved": "packages/ascii",
      "link": true
    },
    "node_modules/@mermanjs/web-editor": {
      "resolved": "packages/editor",
      "link": true
    },
    "node_modules/@mermanjs/web-render": {
      "resolved": "packages/render",
      "link": true
    },
    "node_modules/typescript": {
      "version": "5.7.3",
      "resolved": "https://registry.npmjs.org/typescript/-/typescript-5.7.3.tgz",
      "integrity": "sha512-84MVSjMEHP+FQRPy3pX9sTVV/INIex71s9TL2Gm5FG/WG1SqXeKyZ0k7/blY/4FdOzI12CBy1vGc4og/eus0fw==",
      "dev": true,
      "license": "Apache-2.0",
      "bin": {
        "tsc": "bin/tsc",
        "tsserver": "bin/tsserver"
      },
      "engines": {
        "node": ">=14.17"
      }
    },
    "packages/analysis": {
      "name": "@mermanjs/web-analysis",
      "version": "0.8.0-alpha.6",
      "license": "MIT OR Apache-2.0"
    },
    "packages/ascii": {
      "name": "@mermanjs/web-ascii",
      "version": "0.8.0-alpha.6",
      "license": "MIT OR Apache-2.0"
    },
    "packages/editor": {
      "name": "@mermanjs/web-editor",
      "version": "0.8.0-alpha.6",
      "license": "MIT OR Apache-2.0"
    },
    "packages/full": {
      "name": "@mermanjs/web",
      "version": "0.8.0-alpha.6",
      "license": "MIT OR Apache-2.0"
    },
    "packages/render": {
      "name": "@mermanjs/web-render",
      "version": "0.8.0-alpha.6",
      "license": "MIT OR Apache-2.0"
    }
  }
}
